
Microsoft Visual Studio Solution File, Format Version 12.00
# Visual Studio Version 17
VisualStudioVersion = 17.0.31903.59
MinimumVisualStudioVersion = 10.0.40219.1
Project("{FAE04EC0-301F-11D3-BF4B-00C04F79EFBC}") = "ConsoleApp5.4", "ConsoleApp5.4.csproj", "{0BDE47C2-BCEF-4B39-83BF-1FE38CF2C93D}"
EndProject
Global
	GlobalSection(SolutionConfigurationPlatforms) = preSolution
		Debug|Any CPU = Debug|Any CPU
		Release|Any CPU = Release|Any CPU
	EndGlobalSection
	GlobalSection(ProjectConfigurationPlatforms) = postSolution
		{0BDE47C2-BCEF-4B39-83BF-1FE38CF2C93D}.Debug|Any CPU.ActiveCfg = Debug|Any CPU
		{0BDE47C2-BCEF-4B39-83BF-1FE38CF2C93D}.Debug|Any CPU.Build.0 = Debug|Any CPU
		{0BDE47C2-BCEF-4B39-83BF-1FE38CF2C93D}.Release|Any CPU.ActiveCfg = Release|Any CPU
		{0BDE47C2-BCEF-4B39-83BF-1FE38CF2C93D}.Release|Any CPU.Build.0 = Release|Any CPU
	EndGlobalSection
	GlobalSection(SolutionProperties) = preSolution
		HideSolutionNode = FALSE
	EndGlobalSection
	GlobalSection(ExtensibilityGlobals) = postSolution
		SolutionGuid = {AC19811E-5CE9-4F76-9965-2548B21EA899}
	EndGlobalSection
EndGlobal
